
Microsoft Visual Studio Solution File, Format Version 12.00
# Visual Studio 2013
VisualStudioVersion = 12.0.21005.1
MinimumVisualStudioVersion = 10.0.40219.1
Project("{FAE04EC0-301F-11D3-BF4B-00C04F79EFBC}") = "ItemTemplatesCreate", "ItemTemplatesCreate\ItemTemplatesCreate.csproj", "{52D720C1-9102-49A9-A21F-3B9639A363D1}"
EndProject
Global
	GlobalSection(SolutionConfigurationPlatforms) = preSolution
		Debug|Any CPU = Debug|Any CPU
		Release|Any CPU = Release|Any CPU
	EndGlobalSection
	GlobalSection(ProjectConfigurationPlatforms) = postSolution
		{52D720C1-9102-49A9-A21F-3B9639A363D1}.Debug|Any CPU.ActiveCfg = Debug|Any CPU
		{52D720C1-9102-49A9-A21F-3B9639A363D1}.Debug|Any CPU.Build.0 = Debug|Any CPU
		{52D720C1-9102-49A9-A21F-3B9639A363D1}.Release|Any CPU.ActiveCfg = Release|Any CPU
		{52D720C1-9102-49A9-A21F-3B9639A363D1}.Release|Any CPU.Build.0 = Release|Any CPU
	EndGlobalSection
	GlobalSection(SolutionProperties) = preSolution
		HideSolutionNode = FALSE
	EndGlobalSection
EndGlobal
